// !$*UTF8*$!
{
	archiveVersion = 1;
	classes = {
	};
	objectVersion = 56;
	objects = {

/* Begin PBXBuildFile section */
		2206DF342F4AE2920019F492 /* _107111_note_appApp.swift in Sources */ = {isa = PBXBuildFile; fileRef = 2206DF332F4AE2920019F492 /* _107111_note_appApp.swift */; };
		2206DF362F4AE2920019F492 /* ContentView.swift in Sources */ = {isa = PBXBuildFile; fileRef = 2206DF352F4AE2920019F492 /* ContentView.swift */; };
		2206DF382F4AE2930019F492 /* Assets.xcassets in Resources */ = {isa = PBXBuildFile; fileRef = 2206DF372F4AE2930019F492 /* Assets.xcassets */; };
		2206DF3C2F4AE2930019F492 /* Preview Assets.xcassets in Resources */ = {isa = PBXBuildFile; fileRef = 2206DF3B2F4AE2930019F492 /* Preview Assets.xcassets */; };
		2206DF462F4AE2930019F492 /* _107111_note_appTests.swift in Sources */ = {isa = PBXBuildFile; fileRef = 2206DF452F4AE2930019F492 /* _107111_note_appTests.swift */; };
		2206DF502F4AE2930019F492 /* _107111_note_appUITests.swift in Sources */ = {isa = PBXBuildFile; fileRef = 2206DF4F2F4AE2930019F492 /* _107111_note_appUITests.swift */; };
		2206DF522F4AE2930019F492 /* _107111_note_appUITestsLaunchTests.swift in Sources */ = {isa = PBXBuildFile; fileRef = 2206DF512F4AE2930019F492 /* _107111_note_appUITestsLaunchTests.swift */; };
		2206DF632F4AE5770019F492 /* AddNoteView.swift in Sources */ = {isa = PBXBuildFile; fileRef = 2206DF622F4AE5770019F492 /* AddNoteView.swift */; };
		2206DF642F4AE5770019F492 /* AddNoteView.swift in Sources */ = {isa = PBXBuildFile; fileRef = 2206DF622F4AE5770019F492 /* AddNoteView.swift */; };
		2206DF652F4AE5770019F492 /* AddNoteView.swift in Sources */ = {isa = PBXBuildFile; fileRef = 2206DF622F4AE5770019F492 /* AddNoteView.swift */; };
		2206DF672F4AE5AA0019F492 /* AuthViewModel.swift in Sources */ = {isa = PBXBuildFile; fileRef = 2206DF662F4AE5AA0019F492 /* AuthViewModel.swift */; };
		2206DF682F4AE5AA0019F492 /* AuthViewModel.swift in Sources */ = {isa = PBXBuildFile; fileRef = 2206DF662F4AE5AA0019F492 /* AuthViewModel.swift */; };
		2206DF692F4AE5AA0019F492 /* AuthViewModel.swift in Sources */ = {isa = PBXBuildFile; fileRef = 2206DF662F4AE5AA0019F492 /* AuthViewModel.swift */; };
		2206DF6B2F4AE5E20019F492 /* NoteViewModel.swift in Sources */ = {isa = PBXBuildFile; fileRef = 2206DF6A2F4AE5E20019F492 /* NoteViewModel.swift */; };
		2206DF6C2F4AE5E20019F492 /* NoteViewModel.swift in Sources */ = {isa = PBXBuildFile; fileRef = 2206DF6A2F4AE5E20019F492 /* NoteViewModel.swift */; };
		2206DF6D2F4AE5E20019F492 /* NoteViewModel.swift in Sources */ = {isa = PBXBuildFile; fileRef = 2206DF6A2F4AE5E20019F492 /* NoteViewModel.swift */; };
		223F5EB62F4C3E740012A2B6 /* GoogleService-Info.plist in Resources */ = {isa = PBXBuildFile; fileRef = 223F5EB52F4C3E740012A2B6 /* GoogleService-Info.plist */; };
		223F5EB72F4C3E740012A2B6 /* GoogleService-Info.plist in Resources */ = {isa = PBXBuildFile; fileRef = 223F5EB52F4C3E740012A2B6 /* GoogleService-Info.plist */; };
		223F5EB82F4C3E740012A2B6 /* GoogleService-Info.plist in Resources */ = {isa = PBXBuildFile; fileRef = 223F5EB52F4C3E740012A2B6 /* GoogleService-Info.plist */; };
		2252A6B32F4C05CD00A2C1C8 /* FirebaseAnalytics in Frameworks */ = {isa = PBXBuildFile; productRef = 2252A6B22F4C05CD00A2C1C8 /* FirebaseAnalytics */; };
		2252A6B52F4C05CD00A2C1C8 /* FirebaseAnalyticsSwift in Frameworks */ = {isa = PBXBuildFile; productRef = 2252A6B42F4C05CD00A2C1C8 /* FirebaseAnalyticsSwift */; };
		2252A6B72F4C05CD00A2C1C8 /* FirebaseAuth in Frameworks */ = {isa = PBXBuildFile; productRef = 2252A6B62F4C05CD00A2C1C8 /* FirebaseAuth */; };
		2252A6B92F4C05CD00A2C1C8 /* FirebaseFirestore in Frameworks */ = {isa = PBXBuildFile; productRef = 2252A6B82F4C05CD00A2C1C8 /* FirebaseFirestore */; };
		2252A6BB2F4C05CD00A2C1C8 /* FirebaseFirestoreSwift in Frameworks */ = {isa = PBXBuildFile; productRef = 2252A6BA2F4C05CD00A2C1C8 /* FirebaseFirestoreSwift */; };
		22F1CEEA2F4D9633009746C5 /* AuthView.swift in Sources */ = {isa = PBXBuildFile; fileRef = 22F1CEE92F4D9633009746C5 /* AuthView.swift */; };
/* End PBXBuildFile section */

/* Begin PBXContainerItemProxy section */
		2206DF422F4AE2930019F492 /* PBXContainerItemProxy */ = {
			isa = PBXContainerItemProxy;
			containerPortal = 2206DF282F4AE2920019F492 /* Project object */;
			proxyType = 1;
			remoteGlobalIDString = 2206DF2F2F4AE2920019F492;
			remoteInfo = 2107083_note_app;
		};
		2206DF4C2F4AE2930019F492 /* PBXContainerItemProxy */ = {
			isa = PBXContainerItemProxy;
			containerPortal = 2206DF282F4AE2920019F492 /* Project object */;
			proxyType = 1;
			remoteGlobalIDString = 2206DF2F2F4AE2920019F492;
			remoteInfo = 2107083_note_app;
		};
/* End PBXContainerItemProxy section */

/* Begin PBXFileReference section */
		2206DF302F4AE2920019F492 /* 2107111_note_app.app */ = {isa = PBXFileReference; explicitFileType = wrapper.application; includeInIndex = 0; path = 2107111_note_app.app; sourceTree = BUILT_PRODUCTS_DIR; };
		2206DF332F4AE2920019F492 /* _107111_note_appApp.swift */ = {isa = PBXFileReference; lastKnownFileType = sourcecode.swift; path = _107111_note_appApp.swift; sourceTree = "<group>"; };
		2206DF352F4AE2920019F492 /* ContentView.swift */ = {isa = PBXFileReference; lastKnownFileType = sourcecode.swift; path = ContentView.swift; sourceTree = "<group>"; };
		2206DF372F4AE2930019F492 /* Assets.xcassets */ = {isa = PBXFileReference; lastKnownFileType = folder.assetcatalog; path = Assets.xcassets; sourceTree = "<group>"; };
		2206DF392F4AE2930019F492 /* _107111_note_app.entitlements */ = {isa = PBXFileReference; lastKnownFileType = text.plist.entitlements; path = _107111_note_app.entitlements; sourceTree = "<group>"; };
		2206DF3B2F4AE2930019F492 /* Preview Assets.xcassets */ = {isa = PBXFileReference; lastKnownFileType = folder.assetcatalog; path = "Preview Assets.xcassets"; sourceTree = "<group>"; };
		2206DF412F4AE2930019F492 /* 2107111_note_appTests.xctest */ = {isa = PBXFileReference; explicitFileType = wrapper.cfbundle; includeInIndex = 0; path = 2107111_note_appTests.xctest; sourceTree = BUILT_PRODUCTS_DIR; };
		2206DF452F4AE2930019F492 /* _107111_note_appTests.swift */ = {isa = PBXFileReference; lastKnownFileType = sourcecode.swift; path = _107111_note_appTests.swift; sourceTree = "<group>"; };
		2206DF4B2F4AE2930019F492 /* 2107111_note_appUITests.xctest */ = {isa = PBXFileReference; explicitFileType = wrapper.cfbundle; includeInIndex = 0; path = 2107111_note_appUITests.xctest; sourceTree = BUILT_PRODUCTS_DIR; };
		2206DF4F2F4AE2930019F492 /* _107111_note_appUITests.swift */ = {isa = PBXFileReference; lastKnownFileType = sourcecode.swift; path = _107111_note_appUITests.swift; sourceTree = "<group>"; };
		2206DF512F4AE2930019F492 /* _107111_note_appUITestsLaunchTests.swift */ = {isa = PBXFileReference; lastKnownFileType = sourcecode.swift; path = _107111_note_appUITestsLaunchTests.swift; sourceTree = "<group>"; };
		2206DF622F4AE5770019F492 /* AddNoteView.swift */ = {isa = PBXFileReference; lastKnownFileType = sourcecode.swift; path = AddNoteView.swift; sourceTree = "<group>"; };
		2206DF662F4AE5AA0019F492 /* AuthViewModel.swift */ = {isa = PBXFileReference; lastKnownFileType = sourcecode.swift; path = AuthViewModel.swift; sourceTree = "<group>"; };
		2206DF6A2F4AE5E20019F492 /* NoteViewModel.swift */ = {isa = PBXFileReference; lastKnownFileType = sourcecode.swift; path = NoteViewModel.swift; sourceTree = "<group>"; };
		223F5EB52F4C3E740012A2B6 /* GoogleService-Info.plist */ = {isa = PBXFileReference; fileEncoding = 4; lastKnownFileType = text.plist.xml; path = "GoogleService-Info.plist"; sourceTree = "<group>"; };
		22F1CEE82F4D93D6009746C5 /* 2107111_note_appDebug.entitlements */ = {isa = PBXFileReference; lastKnownFileType = text.plist.entitlements; path = 2107111_note_appDebug.entitlements; sourceTree = "<group>"; };
		22F1CEE92F4D9633009746C5 /* AuthView.swift */ = {isa = PBXFileReference; lastKnownFileType = sourcecode.swift; path = AuthView.swift; sourceTree = "<group>"; };
/* End PBXFileReference section */

/* Begin PBXFrameworksBuildPhase section */
		2206DF2D2F4AE2920019F492 /* Frameworks */ = {
			isa = PBXFrameworksBuildPhase;
			buildActionMask = 2147483647;
			files = (
				2252A6BB2F4C05CD00A2C1C8 /* FirebaseFirestoreSwift in Frameworks */,
				2252A6B52F4C05CD00A2C1C8 /* FirebaseAnalyticsSwift in Frameworks */,
				2252A6B92F4C05CD00A2C1C8 /* FirebaseFirestore in Frameworks */,
				2252A6B72F4C05CD00A2C1C8 /* FirebaseAuth in Frameworks */,
				2252A6B32F4C05CD00A2C1C8 /* FirebaseAnalytics in Frameworks */,
			);
			runOnlyForDeploymentPostprocessing = 0;
		};
		2206DF3E2F4AE2930019F492 /* Frameworks */ = {
			isa = PBXFrameworksBuildPhase;
			buildActionMask = 2147483647;
			files = (
			);
			runOnlyForDeploymentPostprocessing = 0;
		};
		2206DF482F4AE2930019F492 /* Frameworks */ = {
			isa = PBXFrameworksBuildPhase;
			buildActionMask = 2147483647;
			files = (
			);
			runOnlyForDeploymentPostprocessing = 0;
		};
/* End PBXFrameworksBuildPhase section */

/* Begin PBXGroup section */
		2206DF272F4AE2920019F492 = {
			isa = PBXGroup;
			children = (
				2206DF322F4AE2920019F492 /* 2107111_note_app */,
				2206DF442F4AE2930019F492 /* 2107111_note_appTests */,
				2206DF4E2F4AE2930019F492 /* 2107111_note_appUITests */,
				2206DF312F4AE2920019F492 /* Products */,
			);
			sourceTree = "<group>";
		};
		2206DF312F4AE2920019F492 /* Products */ = {
			isa = PBXGroup;
			children = (
				2206DF302F4AE2920019F492 /* 2107111_note_app.app */,
				2206DF412F4AE2930019F492 /* 2107111_note_appTests.xctest */,
				2206DF4B2F4AE2930019F492 /* 2107111_note_appUITests.xctest */,
			);
			name = Products;
			sourceTree = "<group>";
		};
		2206DF322F4AE2920019F492 /* 2107111_note_app */ = {
			isa = PBXGroup;
			children = (
				22F1CEE82F4D93D6009746C5 /* 2107111_note_appDebug.entitlements */,
				2206DF622F4AE5770019F492 /* AddNoteView.swift */,
				2206DF6A2F4AE5E20019F492 /* NoteViewModel.swift */,
				2206DF352F4AE2920019F492 /* ContentView.swift */,
				2206DF662F4AE5AA0019F492 /* AuthViewModel.swift */,
				22F1CEE92F4D9633009746C5 /* AuthView.swift */,
				2206DF332F4AE2920019F492 /* _107111_note_appApp.swift */,
				223F5EB52F4C3E740012A2B6 /* GoogleService-Info.plist */,
				2206DF372F4AE2930019F492 /* Assets.xcassets */,
				2206DF392F4AE2930019F492 /* _107111_note_app.entitlements */,
				2206DF3A2F4AE2930019F492 /* Preview Content */,
			);
			path = 2107111_note_app;
			sourceTree = "<group>";
		};
		2206DF3A2F4AE2930019F492 /* Preview Content */ = {
			isa = PBXGroup;
			children = (
				2206DF3B2F4AE2930019F492 /* Preview Assets.xcassets */,
			);
			path = "Preview Content";
			sourceTree = "<group>";
		};
		2206DF442F4AE2930019F492 /* 2107111_note_appTests */ = {
			isa = PBXGroup;
			children = (
				2206DF452F4AE2930019F492 /* _107111_note_appTests.swift */,
			);
			path = 2107111_note_appTests;
			sourceTree = "<group>";
		};
		2206DF4E2F4AE2930019F492 /* 2107111_note_appUITests */ = {
			isa = PBXGroup;
			children = (
				2206DF4F2F4AE2930019F492 /* _107111_note_appUITests.swift */,
				2206DF512F4AE2930019F492 /* _107111_note_appUITestsLaunchTests.swift */,
			);
			path = 2107111_note_appUITests;
			sourceTree = "<group>";
		};
/* End PBXGroup section */

/* Begin PBXNativeTarget section */
		2206DF2F2F4AE2920019F492 /* 2107111_note_app */ = {
			isa = PBXNativeTarget;
			buildConfigurationList = 2206DF552F4AE2930019F492 /* Build configuration list for PBXNativeTarget "2107111_note_app" */;
			buildPhases = (
				2206DF2C2F4AE2920019F492 /* Sources */,
				2206DF2D2F4AE2920019F492 /* Frameworks */,
				2206DF2E2F4AE2920019F492 /* Resources */,
			);
			buildRules = (
			);
			dependencies = (
			);
			name = 2107111_note_app;
			packageProductDependencies = (
				2252A6B22F4C05CD00A2C1C8 /* FirebaseAnalytics */,
				2252A6B42F4C05CD00A2C1C8 /* FirebaseAnalyticsSwift */,
				2252A6B62F4C05CD00A2C1C8 /* FirebaseAuth */,
				2252A6B82F4C05CD00A2C1C8 /* FirebaseFirestore */,
				2252A6BA2F4C05CD00A2C1C8 /* FirebaseFirestoreSwift */,
			);
			productName = 2107083_note_app;
			productReference = 2206DF302F4AE2920019F492 /* 2107111_note_app.app */;
			productType = "com.apple.product-type.application";
		};
		2206DF402F4AE2930019F492 /* 2107111_note_appTests */ = {
			isa = PBXNativeTarget;
			buildConfigurationList = 2206DF582F4AE2930019F492 /* Build configuration list for PBXNativeTarget "2107111_note_appTests" */;
			buildPhases = (
				2206DF3D2F4AE2930019F492 /* Sources */,
				2206DF3E2F4AE2930019F492 /* Frameworks */,
				2206DF3F2F4AE2930019F492 /* Resources */,
			);
			buildRules = (
			);
			dependencies = (
				2206DF432F4AE2930019F492 /* PBXTargetDependency */,
			);
			name = 2107111_note_appTests;
			productName = 2107083_note_appTests;
			productReference = 2206DF412F4AE2930019F492 /* 2107111_note_appTests.xctest */;
			productType = "com.apple.product-type.bundle.unit-test";
		};
		2206DF4A2F4AE2930019F492 /* 2107111_note_appUITests */ = {
			isa = PBXNativeTarget;
			buildConfigurationList = 2206DF5B2F4AE2930019F492 /* Build configuration list for PBXNativeTarget "2107111_note_appUITests" */;
			buildPhases = (
				2206DF472F4AE2930019F492 /* Sources */,
				2206DF482F4AE2930019F492 /* Frameworks */,
				2206DF492F4AE2930019F492 /* Resources */,
			);
			buildRules = (
			);
			dependencies = (
				2206DF4D2F4AE2930019F492 /* PBXTargetDependency */,
			);
			name = 2107111_note_appUITests;
			productName = 2107083_note_appUITests;
			productReference = 2206DF4B2F4AE2930019F492 /* 2107111_note_appUITests.xctest */;
			productType = "com.apple.product-type.bundle.ui-testing";
		};
/* End PBXNativeTarget section */

/* Begin PBXProject section */
		2206DF282F4AE2920019F492 /* Project object */ = {
			isa = PBXProject;
			attributes = {
				BuildIndependentTargetsInParallel = 1;
				LastSwiftUpdateCheck = 1410;
				LastUpgradeCheck = 1410;
				TargetAttributes = {
					2206DF2F2F4AE2920019F492 = {
						CreatedOnToolsVersion = 14.1;
					};
					2206DF402F4AE2930019F492 = {
						CreatedOnToolsVersion = 14.1;
						TestTargetID = 2206DF2F2F4AE2920019F492;
					};
					2206DF4A2F4AE2930019F492 = {
						CreatedOnToolsVersion = 14.1;
						TestTargetID = 2206DF2F2F4AE2920019F492;
					};
				};
			};
			buildConfigurationList = 2206DF2B2F4AE2920019F492 /* Build configuration list for PBXProject "2107111_note_app" */;
			compatibilityVersion = "Xcode 14.0";
			developmentRegion = en;
			hasScannedForEncodings = 0;
			knownRegions = (
				en,
				Base,
			);
			mainGroup = 2206DF272F4AE2920019F492;
			packageReferences = (
				2252A6B12F4C05CD00A2C1C8 /* XCRemoteSwiftPackageReference "firebase-ios-sdk" */,
			);
			productRefGroup = 2206DF312F4AE2920019F492 /* Products */;
			projectDirPath = "";
			projectRoot = "";
			targets = (
				2206DF2F2F4AE2920019F492 /* 2107111_note_app */,
				2206DF402F4AE2930019F492 /* 2107111_note_appTests */,
				2206DF4A2F4AE2930019F492 /* 2107111_note_appUITests */,
			);
		};
/* End PBXProject section */

/* Begin PBXResourcesBuildPhase section */
		2206DF2E2F4AE2920019F492 /* Resources */ = {
			isa = PBXResourcesBuildPhase;
			buildActionMask = 2147483647;
			files = (
				2206DF3C2F4AE2930019F492 /* Preview Assets.xcassets in Resources */,
				2206DF382F4AE2930019F492 /* Assets.xcassets in Resources */,
				223F5EB62F4C3E740012A2B6 /* GoogleService-Info.plist in Resources */,
			);
			runOnlyForDeploymentPostprocessing = 0;
		};
		2206DF3F2F4AE2930019F492 /* Resources */ = {
			isa = PBXResourcesBuildPhase;
			buildActionMask = 2147483647;
			files = (
				223F5EB72F4C3E740012A2B6 /* GoogleService-Info.plist in Resources */,
			);
			runOnlyForDeploymentPostprocessing = 0;
		};
		2206DF492F4AE2930019F492 /* Resources */ = {
			isa = PBXResourcesBuildPhase;
			buildActionMask = 2147483647;
			files = (
				223F5EB82F4C3E740012A2B6 /* GoogleService-Info.plist in Resources */,
			);
			runOnlyForDeploymentPostprocessing = 0;
		};
/* End PBXResourcesBuildPhase section */

/* Begin PBXSourcesBuildPhase section */
		2206DF2C2F4AE2920019F492 /* Sources */ = {
			isa = PBXSourcesBuildPhase;
			buildActionMask = 2147483647;
			files = (
				2206DF6B2F4AE5E20019F492 /* NoteViewModel.swift in Sources */,
				2206DF672F4AE5AA0019F492 /* AuthViewModel.swift in Sources */,
				22F1CEEA2F4D9633009746C5 /* AuthView.swift in Sources */,
				2206DF632F4AE5770019F492 /* AddNoteView.swift in Sources */,
				2206DF362F4AE2920019F492 /* ContentView.swift in Sources */,
				2206DF342F4AE2920019F492 /* _107111_note_appApp.swift in Sources */,
			);
			runOnlyForDeploymentPostprocessing = 0;
		};
		2206DF3D2F4AE2930019F492 /* Sources */ = {
			isa = PBXSourcesBuildPhase;
			buildActionMask = 2147483647;
			files = (
				2206DF6C2F4AE5E20019F492 /* NoteViewModel.swift in Sources */,
				2206DF642F4AE5770019F492 /* AddNoteView.swift in Sources */,
				2206DF462F4AE2930019F492 /* _107111_note_appTests.swift in Sources */,
				2206DF682F4AE5AA0019F492 /* AuthViewModel.swift in Sources */,
			);
			runOnlyForDeploymentPostprocessing = 0;
		};
		2206DF472F4AE2930019F492 /* Sources */ = {
			isa = PBXSourcesBuildPhase;
			buildActionMask = 2147483647;
			files = (
				2206DF6D2F4AE5E20019F492 /* NoteViewModel.swift in Sources */,
				2206DF692F4AE5AA0019F492 /* AuthViewModel.swift in Sources */,
				2206DF652F4AE5770019F492 /* AddNoteView.swift in Sources */,
				2206DF502F4AE2930019F492 /* _107111_note_appUITests.swift in Sources */,
				2206DF522F4AE2930019F492 /* _107111_note_appUITestsLaunchTests.swift in Sources */,
			);
			runOnlyForDeploymentPostprocessing = 0;
		};
/* End PBXSourcesBuildPhase section */

/* Begin PBXTargetDependency section */
		2206DF432F4AE2930019F492 /* PBXTargetDependency */ = {
			isa = PBXTargetDependency;
			target = 2206DF2F2F4AE2920019F492 /* 2107111_note_app */;
			targetProxy = 2206DF422F4AE2930019F492 /* PBXContainerItemProxy */;
		};
		2206DF4D2F4AE2930019F492 /* PBXTargetDependency */ = {
			isa = PBXTargetDependency;
			target = 2206DF2F2F4AE2920019F492 /* 2107111_note_app */;
			targetProxy = 2206DF4C2F4AE2930019F492 /* PBXContainerItemProxy */;
		};
/* End PBXTargetDependency section */

/* Begin XCBuildConfiguration section */
		2206DF532F4AE2930019F492 /* Debug */ = {
			isa = XCBuildConfiguration;
			buildSettings = {
				ALWAYS_SEARCH_USER_PATHS = NO;
				CLANG_ANALYZER_NONNULL = YES;
				CLANG_ANALYZER_NUMBER_OBJECT_CONVERSION = YES_AGGRESSIVE;
				CLANG_CXX_LANGUAGE_STANDARD = "gnu++20";
				CLANG_ENABLE_MODULES = YES;
				CLANG_ENABLE_OBJC_ARC = YES;
				CLANG_ENABLE_OBJC_WEAK = YES;
				CLANG_WARN_BLOCK_CAPTURE_AUTORELEASING = YES;
				CLANG_WARN_BOOL_CONVERSION = YES;
				CLANG_WARN_COMMA = YES;
				CLANG_WARN_CONSTANT_CONVERSION = YES;
				CLANG_WARN_DEPRECATED_OBJC_IMPLEMENTATIONS = YES;
				CLANG_WARN_DIRECT_OBJC_ISA_USAGE = YES_ERROR;
				CLANG_WARN_DOCUMENTATION_COMMENTS = YES;
				CLANG_WARN_EMPTY_BODY = YES;
				CLANG_WARN_ENUM_CONVERSION = YES;
				CLANG_WARN_INFINITE_RECURSION = YES;
				CLANG_WARN_INT_CONVERSION = YES;
				CLANG_WARN_NON_LITERAL_NULL_CONVERSION = YES;
				CLANG_WARN_OBJC_IMPLICIT_RETAIN_SELF = YES;
				CLANG_WARN_OBJC_LITERAL_CONVERSION = YES;
				CLANG_WARN_OBJC_ROOT_CLASS = YES_ERROR;
				CLANG_WARN_QUOTED_INCLUDE_IN_FRAMEWORK_HEADER = YES;
				CLANG_WARN_RANGE_LOOP_ANALYSIS = YES;
				CLANG_WARN_STRICT_PROTOTYPES = YES;
				CLANG_WARN_SUSPICIOUS_MOVE = YES;
				CLANG_WARN_UNGUARDED_AVAILABILITY = YES_AGGRESSIVE;
				CLANG_WARN_UNREACHABLE_CODE = YES;
				CLANG_WARN__DUPLICATE_METHOD_MATCH = YES;
				COPY_PHASE_STRIP = NO;
				DEBUG_INFORMATION_FORMAT = dwarf;
				ENABLE_STRICT_OBJC_MSGSEND = YES;
				ENABLE_TESTABILITY = YES;
				GCC_C_LANGUAGE_STANDARD = gnu11;
				GCC_DYNAMIC_NO_PIC = NO;
				GCC_NO_COMMON_BLOCKS = YES;
				GCC_OPTIMIZATION_LEVEL = 0;
				GCC_PREPROCESSOR_DEFINITIONS = (
					"DEBUG=1",
					"$(inherited)",
				);
				GCC_WARN_64_TO_32_BIT_CONVERSION = YES;
				GCC_WARN_ABOUT_RETURN_TYPE = YES_ERROR;
				GCC_WARN_UNDECLARED_SELECTOR = YES;
				GCC_WARN_UNINITIALIZED_AUTOS = YES_AGGRESSIVE;
				GCC_WARN_UNUSED_FUNCTION = YES;
				GCC_WARN_UNUSED_VARIABLE = YES;
				MTL_ENABLE_DEBUG_INFO = INCLUDE_SOURCE;
				MTL_FAST_MATH = YES;
				ONLY_ACTIVE_ARCH = YES;
				SWIFT_ACTIVE_COMPILATION_CONDITIONS = DEBUG;
				SWIFT_OPTIMIZATION_LEVEL = "-Onone";
			};
			name = Debug;
		};
		2206DF542F4AE2930019F492 /* Release */ = {
			isa = XCBuildConfiguration;
			buildSettings = {
				ALWAYS_SEARCH_USER_PATHS = NO;
				CLANG_ANALYZER_NONNULL = YES;
				CLANG_ANALYZER_NUMBER_OBJECT_CONVERSION = YES_AGGRESSIVE;
				CLANG_CXX_LANGUAGE_STANDARD = "gnu++20";
				CLANG_ENABLE_MODULES = YES;
				CLANG_ENABLE_OBJC_ARC = YES;
				CLANG_ENABLE_OBJC_WEAK = YES;
				CLANG_WARN_BLOCK_CAPTURE_AUTORELEASING = YES;
				CLANG_WARN_BOOL_CONVERSION = YES;
				CLANG_WARN_COMMA = YES;
				CLANG_WARN_CONSTANT_CONVERSION = YES;
				CLANG_WARN_DEPRECATED_OBJC_IMPLEMENTATIONS = YES;
				CLANG_WARN_DIRECT_OBJC_ISA_USAGE = YES_ERROR;
				CLANG_WARN_DOCUMENTATION_COMMENTS = YES;
				CLANG_WARN_EMPTY_BODY = YES;
				CLANG_WARN_ENUM_CONVERSION = YES;
				CLANG_WARN_INFINITE_RECURSION = YES;
				CLANG_WARN_INT_CONVERSION = YES;
				CLANG_WARN_NON_LITERAL_NULL_CONVERSION = YES;
				CLANG_WARN_OBJC_IMPLICIT_RETAIN_SELF = YES;
				CLANG_WARN_OBJC_LITERAL_CONVERSION = YES;
				CLANG_WARN_OBJC_ROOT_CLASS = YES_ERROR;
				CLANG_WARN_QUOTED_INCLUDE_IN_FRAMEWORK_HEADER = YES;
				CLANG_WARN_RANGE_LOOP_ANALYSIS = YES;
				CLANG_WARN_STRICT_PROTOTYPES = YES;
				CLANG_WARN_SUSPICIOUS_MOVE = YES;
				CLANG_WARN_UNGUARDED_AVAILABILITY = YES_AGGRESSIVE;
				CLANG_WARN_UNREACHABLE_CODE = YES;
				CLANG_WARN__DUPLICATE_METHOD_MATCH = YES;
				COPY_PHASE_STRIP = NO;
				DEBUG_INFORMATION_FORMAT = "dwarf-with-dsym";
				ENABLE_NS_ASSERTIONS = NO;
				ENABLE_STRICT_OBJC_MSGSEND = YES;
				GCC_C_LANGUAGE_STANDARD = gnu11;
				GCC_NO_COMMON_BLOCKS = YES;
				GCC_WARN_64_TO_32_BIT_CONVERSION = YES;
				GCC_WARN_ABOUT_RETURN_TYPE = YES_ERROR;
				GCC_WARN_UNDECLARED_SELECTOR = YES;
				GCC_WARN_UNINITIALIZED_AUTOS = YES_AGGRESSIVE;
				GCC_WARN_UNUSED_FUNCTION = YES;
				GCC_WARN_UNUSED_VARIABLE = YES;
				MTL_ENABLE_DEBUG_INFO = NO;
				MTL_FAST_MATH = YES;
				SWIFT_COMPILATION_MODE = wholemodule;
				SWIFT_OPTIMIZATION_LEVEL = "-O";
			};
			name = Release;
		};
		2206DF562F4AE2930019F492 /* Debug */ = {
			isa = XCBuildConfiguration;
			buildSettings = {
				ASSETCATALOG_COMPILER_APPICON_NAME = AppIcon;
				ASSETCATALOG_COMPILER_GLOBAL_ACCENT_COLOR_NAME = AccentColor;
				CODE_SIGN_ENTITLEMENTS = /Users/macos/Desktop/2107111_moinvai/2107111_moinvai/2107111_note_app/2107111_note_appDebug.entitlements;
				"CODE_SIGN_IDENTITY[sdk=macosx*]" = "Apple Development";
				CODE_SIGN_STYLE = Automatic;
				CURRENT_PROJECT_VERSION = 1;
				DEVELOPMENT_ASSET_PATHS = "\"2107111_note_app/Preview Content\"";
				ENABLE_PREVIEWS = YES;
				GENERATE_INFOPLIST_FILE = YES;
				"INFOPLIST_KEY_UIApplicationSceneManifest_Generation[sdk=iphoneos*]" = YES;
				"INFOPLIST_KEY_UIApplicationSceneManifest_Generation[sdk=iphonesimulator*]" = YES;
				"INFOPLIST_KEY_UIApplicationSupportsIndirectInputEvents[sdk=iphoneos*]" = YES;
				"INFOPLIST_KEY_UIApplicationSupportsIndirectInputEvents[sdk=iphonesimulator*]" = YES;
				"INFOPLIST_KEY_UILaunchScreen_Generation[sdk=iphoneos*]" = YES;
				"INFOPLIST_KEY_UILaunchScreen_Generation[sdk=iphonesimulator*]" = YES;
				"INFOPLIST_KEY_UIStatusBarStyle[sdk=iphoneos*]" = UIStatusBarStyleDefault;
				"INFOPLIST_KEY_UIStatusBarStyle[sdk=iphonesimulator*]" = UIStatusBarStyleDefault;
				INFOPLIST_KEY_UISupportedInterfaceOrientations_iPad = "UIInterfaceOrientationPortrait UIInterfaceOrientationPortraitUpsideDown UIInterfaceOrientationLandscapeLeft UIInterfaceOrientationLandscapeRight";
				INFOPLIST_KEY_UISupportedInterfaceOrientations_iPhone = "UIInterfaceOrientationPortrait UIInterfaceOrientationLandscapeLeft UIInterfaceOrientationLandscapeRight";
				IPHONEOS_DEPLOYMENT_TARGET = 16.1;
				LD_RUNPATH_SEARCH_PATHS = "@executable_path/Frameworks";
				"LD_RUNPATH_SEARCH_PATHS[sdk=macosx*]" = "@executable_path/../Frameworks";
				MACOSX_DEPLOYMENT_TARGET = 13.0;
				MARKETING_VERSION = 1.0;
				PRODUCT_BUNDLE_IDENTIFIER = abc.com.noteapp2107111;
				PRODUCT_NAME = "$(TARGET_NAME)";
				SDKROOT = auto;
				SUPPORTED_PLATFORMS = "iphoneos iphonesimulator";
				SUPPORTS_MACCATALYST = NO;
				SUPPORTS_MAC_DESIGNED_FOR_IPHONE_IPAD = NO;
				SWIFT_EMIT_LOC_STRINGS = YES;
				SWIFT_VERSION = 5.0;
				TARGETED_DEVICE_FAMILY = "1,2";
			};
			name = Debug;
		};
		2206DF572F4AE2930019F492 /* Release */ = {
			isa = XCBuildConfiguration;
			buildSettings = {
				ASSETCATALOG_COMPILER_APPICON_NAME = AppIcon;
				ASSETCATALOG_COMPILER_GLOBAL_ACCENT_COLOR_NAME = AccentColor;
				CODE_SIGN_ENTITLEMENTS = /Users/macos/Desktop/2107111_moinvai/2107111_moinvai/2107111_note_app/2107111_note_appDebug.entitlements;
				"CODE_SIGN_ENTITLEMENTS[sdk=*]" = /Users/macos/Desktop/2107111_moinvai/2107111_moinvai/2107111_note_app/_107111_note_app.entitlements;
				"CODE_SIGN_IDENTITY[sdk=macosx*]" = "Apple Development";
				CODE_SIGN_STYLE = Automatic;
				CURRENT_PROJECT_VERSION = 1;
				DEVELOPMENT_ASSET_PATHS = "\"2107111_note_app/Preview Content\"";
				ENABLE_PREVIEWS = YES;
				GENERATE_INFOPLIST_FILE = YES;
				"INFOPLIST_KEY_UIApplicationSceneManifest_Generation[sdk=iphoneos*]" = YES;
				"INFOPLIST_KEY_UIApplicationSceneManifest_Generation[sdk=iphonesimulator*]" = YES;
				"INFOPLIST_KEY_UIApplicationSupportsIndirectInputEvents[sdk=iphoneos*]" = YES;
				"INFOPLIST_KEY_UIApplicationSupportsIndirectInputEvents[sdk=iphonesimulator*]" = YES;
				"INFOPLIST_KEY_UILaunchScreen_Generation[sdk=iphoneos*]" = YES;
				"INFOPLIST_KEY_UILaunchScreen_Generation[sdk=iphonesimulator*]" = YES;
				"INFOPLIST_KEY_UIStatusBarStyle[sdk=iphoneos*]" = UIStatusBarStyleDefault;
				"INFOPLIST_KEY_UIStatusBarStyle[sdk=iphonesimulator*]" = UIStatusBarStyleDefault;
				INFOPLIST_KEY_UISupportedInterfaceOrientations_iPad = "UIInterfaceOrientationPortrait UIInterfaceOrientationPortraitUpsideDown UIInterfaceOrientationLandscapeLeft UIInterfaceOrientationLandscapeRight";
				INFOPLIST_KEY_UISupportedInterfaceOrientations_iPhone = "UIInterfaceOrientationPortrait UIInterfaceOrientationLandscapeLeft UIInterfaceOrientationLandscapeRight";
				IPHONEOS_DEPLOYMENT_TARGET = 16.1;
				LD_RUNPATH_SEARCH_PATHS = "@executable_path/Frameworks";
				"LD_RUNPATH_SEARCH_PATHS[sdk=macosx*]" = "@executable_path/../Frameworks";
				MACOSX_DEPLOYMENT_TARGET = 13.0;
				MARKETING_VERSION = 1.0;
				PRODUCT_BUNDLE_IDENTIFIER = "abc.-107083-note-app";
				PRODUCT_NAME = "$(TARGET_NAME)";
				SDKROOT = auto;
				SUPPORTED_PLATFORMS = "iphoneos iphonesimulator";
				SUPPORTS_MACCATALYST = NO;
				SUPPORTS_MAC_DESIGNED_FOR_IPHONE_IPAD = NO;
				SWIFT_EMIT_LOC_STRINGS = YES;
				SWIFT_VERSION = 5.0;
				TARGETED_DEVICE_FAMILY = "1,2";
			};
			name = Release;
		};
		2206DF592F4AE2930019F492 /* Debug */ = {
			isa = XCBuildConfiguration;
			buildSettings = {
				ALWAYS_EMBED_SWIFT_STANDARD_LIBRARIES = YES;
				BUNDLE_LOADER = "$(TEST_HOST)";
				CODE_SIGN_STYLE = Automatic;
				CURRENT_PROJECT_VERSION = 1;
				GENERATE_INFOPLIST_FILE = YES;
				IPHONEOS_DEPLOYMENT_TARGET = 16.1;
				MACOSX_DEPLOYMENT_TARGET = 13.0;
				MARKETING_VERSION = 1.0;
				PRODUCT_BUNDLE_IDENTIFIER = "abc.-107083-note-appTests";
				PRODUCT_NAME = "$(TARGET_NAME)";
				SDKROOT = auto;
				SUPPORTED_PLATFORMS = "iphoneos iphonesimulator macosx";
				SWIFT_EMIT_LOC_STRINGS = NO;
				SWIFT_VERSION = 5.0;
				TARGETED_DEVICE_FAMILY = "1,2";
				TEST_HOST = "$(BUILT_PRODUCTS_DIR)/2107111_note_app.app/$(BUNDLE_EXECUTABLE_FOLDER_PATH)/2107111_note_app";
			};
			name = Debug;
		};
		2206DF5A2F4AE2930019F492 /* Release */ = {
			isa = XCBuildConfiguration;
			buildSettings = {
				ALWAYS_EMBED_SWIFT_STANDARD_LIBRARIES = YES;
				BUNDLE_LOADER = "$(TEST_HOST)";
				CODE_SIGN_STYLE = Automatic;
				CURRENT_PROJECT_VERSION = 1;
				GENERATE_INFOPLIST_FILE = YES;
				IPHONEOS_DEPLOYMENT_TARGET = 16.1;
				MACOSX_DEPLOYMENT_TARGET = 13.0;
				MARKETING_VERSION = 1.0;
				PRODUCT_BUNDLE_IDENTIFIER = "abc.-107083-note-appTests";
				PRODUCT_NAME = "$(TARGET_NAME)";
				SDKROOT = auto;
				SUPPORTED_PLATFORMS = "iphoneos iphonesimulator macosx";
				SWIFT_EMIT_LOC_STRINGS = NO;
				SWIFT_VERSION = 5.0;
				TARGETED_DEVICE_FAMILY = "1,2";
				TEST_HOST = "$(BUILT_PRODUCTS_DIR)/2107111_note_app.app/$(BUNDLE_EXECUTABLE_FOLDER_PATH)/2107111_note_app";
			};
			name = Release;
		};
		2206DF5C2F4AE2930019F492 /* Debug */ = {
			isa = XCBuildConfiguration;
			buildSettings = {
				ALWAYS_EMBED_SWIFT_STANDARD_LIBRARIES = YES;
				CODE_SIGN_STYLE = Automatic;
				CURRENT_PROJECT_VERSION = 1;
				GENERATE_INFOPLIST_FILE = YES;
				IPHONEOS_DEPLOYMENT_TARGET = 16.1;
				MACOSX_DEPLOYMENT_TARGET = 13.0;
				MARKETING_VERSION = 1.0;
				PRODUCT_BUNDLE_IDENTIFIER = "abc.-107083-note-appUITests";
				PRODUCT_NAME = "$(TARGET_NAME)";
				SDKROOT = auto;
				SUPPORTED_PLATFORMS = "iphoneos iphonesimulator macosx";
				SWIFT_EMIT_LOC_STRINGS = NO;
				SWIFT_VERSION = 5.0;
				TARGETED_DEVICE_FAMILY = "1,2";
				TEST_TARGET_NAME = 2107083_note_app;
			};
			name = Debug;
		};
		2206DF5D2F4AE2930019F492 /* Release */ = {
			isa = XCBuildConfiguration;
			buildSettings = {
				ALWAYS_EMBED_SWIFT_STANDARD_LIBRARIES = YES;
				CODE_SIGN_STYLE = Automatic;
				CURRENT_PROJECT_VERSION = 1;
				GENERATE_INFOPLIST_FILE = YES;
				IPHONEOS_DEPLOYMENT_TARGET = 16.1;
				MACOSX_DEPLOYMENT_TARGET = 13.0;
				MARKETING_VERSION = 1.0;
				PRODUCT_BUNDLE_IDENTIFIER = "abc.-107083-note-appUITests";
				PRODUCT_NAME = "$(TARGET_NAME)";
				SDKROOT = auto;
				SUPPORTED_PLATFORMS = "iphoneos iphonesimulator macosx";
				SWIFT_EMIT_LOC_STRINGS = NO;
				SWIFT_VERSION = 5.0;
				TARGETED_DEVICE_FAMILY = "1,2";
				TEST_TARGET_NAME = 2107083_note_app;
			};
			name = Release;
		};
/* End XCBuildConfiguration section */

/* Begin XCConfigurationList section */
		2206DF2B2F4AE2920019F492 /* Build configuration list for PBXProject "2107111_note_app" */ = {
			isa = XCConfigurationList;
			buildConfigurations = (
				2206DF532F4AE2930019F492 /* Debug */,
				2206DF542F4AE2930019F492 /* Release */,
			);
			defaultConfigurationIsVisible = 0;
			defaultConfigurationName = Release;
		};
		2206DF552F4AE2930019F492 /* Build configuration list for PBXNativeTarget "2107111_note_app" */ = {
			isa = XCConfigurationList;
			buildConfigurations = (
				2206DF562F4AE2930019F492 /* Debug */,
				2206DF572F4AE2930019F492 /* Release */,
			);
			defaultConfigurationIsVisible = 0;
			defaultConfigurationName = Release;
		};
		2206DF582F4AE2930019F492 /* Build configuration list for PBXNativeTarget "2107111_note_appTests" */ = {
			isa = XCConfigurationList;
			buildConfigurations = (
				2206DF592F4AE2930019F492 /* Debug */,
				2206DF5A2F4AE2930019F492 /* Release */,
			);
			defaultConfigurationIsVisible = 0;
			defaultConfigurationName = Release;
		};
		2206DF5B2F4AE2930019F492 /* Build configuration list for PBXNativeTarget "2107111_note_appUITests" */ = {
			isa = XCConfigurationList;
			buildConfigurations = (
				2206DF5C2F4AE2930019F492 /* Debug */,
				2206DF5D2F4AE2930019F492 /* Release */,
			);
			defaultConfigurationIsVisible = 0;
			defaultConfigurationName = Release;
		};
/* End XCConfigurationList section */

/* Begin XCRemoteSwiftPackageReference section */
		2252A6B12F4C05CD00A2C1C8 /* XCRemoteSwiftPackageReference "firebase-ios-sdk" */ = {
			isa = XCRemoteSwiftPackageReference;
			repositoryURL = "https://github.com/firebase/firebase-ios-sdk";
			requirement = {
				kind = upToNextMajorVersion;
				minimumVersion = 9.0.0;
			};
		};
/* End XCRemoteSwiftPackageReference section */

/* Begin XCSwiftPackageProductDependency section */
		2252A6B22F4C05CD00A2C1C8 /* FirebaseAnalytics */ = {
			isa = XCSwiftPackageProductDependency;
			package = 2252A6B12F4C05CD00A2C1C8 /* XCRemoteSwiftPackageReference "firebase-ios-sdk" */;
			productName = FirebaseAnalytics;
		};
		2252A6B42F4C05CD00A2C1C8 /* FirebaseAnalyticsSwift */ = {
			isa = XCSwiftPackageProductDependency;
			package = 2252A6B12F4C05CD00A2C1C8 /* XCRemoteSwiftPackageReference "firebase-ios-sdk" */;
			productName = FirebaseAnalyticsSwift;
		};
		2252A6B62F4C05CD00A2C1C8 /* FirebaseAuth */ = {
			isa = XCSwiftPackageProductDependency;
			package = 2252A6B12F4C05CD00A2C1C8 /* XCRemoteSwiftPackageReference "firebase-ios-sdk" */;
			productName = FirebaseAuth;
		};
		2252A6B82F4C05CD00A2C1C8 /* FirebaseFirestore */ = {
			isa = XCSwiftPackageProductDependency;
			package = 2252A6B12F4C05CD00A2C1C8 /* XCRemoteSwiftPackageReference "firebase-ios-sdk" */;
			productName = FirebaseFirestore;
		};
		2252A6BA2F4C05CD00A2C1C8 /* FirebaseFirestoreSwift */ = {
			isa = XCSwiftPackageProductDependency;
			package = 2252A6B12F4C05CD00A2C1C8 /* XCRemoteSwiftPackageReference "firebase-ios-sdk" */;
			productName = FirebaseFirestoreSwift;
		};
/* End XCSwiftPackageProductDependency section */
	};
	rootObject = 2206DF282F4AE2920019F492 /* Project object */;
}
